{
  "name": "T-WEB-700-T-WEB-700_msc2023_group-26",
  "lockfileVersion": 2,
  "requires": true,
  "packages": {
    "": {
      "dependencies": {
        "vue-awesome": "^4.3.1"
      }
    },
    "node_modules/vue": {
      "version": "2.6.14",
      "resolved": "https://registry.npmjs.org/vue/-/vue-2.6.14.tgz",
      "integrity": "sha512-x2284lgYvjOMj3Za7kqzRcUSxBboHqtgRE2zlos1qWaOye5yUmHn42LB1250NJBLRwEcdrB0JRwyPTEPhfQjiQ==",
      "peer": true
    },
    "node_modules/vue-awesome": {
      "version": "4.3.1",
      "resolved": "https://registry.npmjs.org/vue-awesome/-/vue-awesome-4.3.1.tgz",
      "integrity": "sha512-8FRCtO12pNDp2o2XKVIc7HApMFrws42rR9+AiDYjW6lsHbhMy0ygvhaByNEGlQSbp2gb3ZZkeV0UJxKdur5c1Q==",
      "engines": {
        "node": ">= 4.0.0",
        "npm": ">= 3.0.0"
      },
      "peerDependencies": {
        "vue": "^2.4.0"
      }
    }
  },
  "dependencies": {
    "vue": {
      "version": "2.6.14",
      "resolved": "https://registry.npmjs.org/vue/-/vue-2.6.14.tgz",
      "integrity": "sha512-x2284lgYvjOMj3Za7kqzRcUSxBboHqtgRE2zlos1qWaOye5yUmHn42LB1250NJBLRwEcdrB0JRwyPTEPhfQjiQ==",
      "peer": true
    },
    "vue-awesome": {
      "version": "4.3.1",
      "resolved": "https://registry.npmjs.org/vue-awesome/-/vue-awesome-4.3.1.tgz",
      "integrity": "sha512-8FRCtO12pNDp2o2XKVIc7HApMFrws42rR9+AiDYjW6lsHbhMy0ygvhaByNEGlQSbp2gb3ZZkeV0UJxKdur5c1Q==",
      "requires": {}
    }
  }
}
